// !$*UTF8*$!
{
	archiveVersion = 1;
	classes = {
	};
	objectVersion = 56;
	objects = {

/* Begin PBXBuildFile section */
		0413A2BA29C249F200034E44 /* LoginViewBrain.swift in Sources */ = {isa = PBXBuildFile; fileRef = 0413A2B929C249F200034E44 /* LoginViewBrain.swift */; };
		0413A2BC29C24AD600034E44 /* HomeViewBrain.swift in Sources */ = {isa = PBXBuildFile; fileRef = 0413A2BB29C24AD600034E44 /* HomeViewBrain.swift */; };
		0413A2BE29C24B9C00034E44 /* ForgotPassViewBrain.swift in Sources */ = {isa = PBXBuildFile; fileRef = 0413A2BD29C24B9C00034E44 /* ForgotPassViewBrain.swift */; };
		0413A2C029C24C7500034E44 /* SignUpViewBrain.swift in Sources */ = {isa = PBXBuildFile; fileRef = 0413A2BF29C24C7500034E44 /* SignUpViewBrain.swift */; };
		0413A2C229C24D6700034E44 /* ProfileViewBrian.swift in Sources */ = {isa = PBXBuildFile; fileRef = 0413A2C129C24D6700034E44 /* ProfileViewBrian.swift */; };
		0424737A29BA7E6D00B3FD13 /* AppDelegate.swift in Sources */ = {isa = PBXBuildFile; fileRef = 0424737929BA7E6D00B3FD13 /* AppDelegate.swift */; };
		0424737C29BA7E6D00B3FD13 /* SceneDelegate.swift in Sources */ = {isa = PBXBuildFile; fileRef = 0424737B29BA7E6D00B3FD13 /* SceneDelegate.swift */; };
		0424737E29BA7E6D00B3FD13 /* LoginViewController.swift in Sources */ = {isa = PBXBuildFile; fileRef = 0424737D29BA7E6D00B3FD13 /* LoginViewController.swift */; };
		0424738129BA7E6D00B3FD13 /* Main.storyboard in Resources */ = {isa = PBXBuildFile; fileRef = 0424737F29BA7E6D00B3FD13 /* Main.storyboard */; };
		0424738329BA7E6E00B3FD13 /* Assets.xcassets in Resources */ = {isa = PBXBuildFile; fileRef = 0424738229BA7E6E00B3FD13 /* Assets.xcassets */; };
		0424738629BA7E6E00B3FD13 /* LaunchScreen.storyboard in Resources */ = {isa = PBXBuildFile; fileRef = 0424738429BA7E6E00B3FD13 /* LaunchScreen.storyboard */; };
		0424739129BA927A00B3FD13 /* User.swift in Sources */ = {isa = PBXBuildFile; fileRef = 0424739029BA927A00B3FD13 /* User.swift */; };
		0424739329BA96BF00B3FD13 /* HomeViewController.swift in Sources */ = {isa = PBXBuildFile; fileRef = 0424739229BA96BF00B3FD13 /* HomeViewController.swift */; };
		0424739529BA999200B3FD13 /* ForgotPasswordViewController.swift in Sources */ = {isa = PBXBuildFile; fileRef = 0424739429BA999200B3FD13 /* ForgotPasswordViewController.swift */; };
		0424739729BA99A600B3FD13 /* SignUpViewController.swift in Sources */ = {isa = PBXBuildFile; fileRef = 0424739629BA99A600B3FD13 /* SignUpViewController.swift */; };
		042D439729CBA7EF000C3024 /* UserCell.swift in Sources */ = {isa = PBXBuildFile; fileRef = 042D439529CBA7EF000C3024 /* UserCell.swift */; };
		042D439829CBA7EF000C3024 /* UserCell.xib in Resources */ = {isa = PBXBuildFile; fileRef = 042D439629CBA7EF000C3024 /* UserCell.xib */; };
		042D439A29CBBAA9000C3024 /* NewProfileViewController.swift in Sources */ = {isa = PBXBuildFile; fileRef = 042D439929CBBAA9000C3024 /* NewProfileViewController.swift */; };
		04DCC82629BE18BB00DCD669 /* ProfileViewController.swift in Sources */ = {isa = PBXBuildFile; fileRef = 04DCC82529BE18BB00DCD669 /* ProfileViewController.swift */; };
		04E4F26629CE68FF00F3452D /* TrackCell.swift in Sources */ = {isa = PBXBuildFile; fileRef = 04E4F26429CE68FF00F3452D /* TrackCell.swift */; };
		04E4F26729CE68FF00F3452D /* TrackCell.xib in Resources */ = {isa = PBXBuildFile; fileRef = 04E4F26529CE68FF00F3452D /* TrackCell.xib */; };
		04E4F26929CE710900F3452D /* Track.swift in Sources */ = {isa = PBXBuildFile; fileRef = 04E4F26829CE710900F3452D /* Track.swift */; };
		04E4F26D29CE724D00F3452D /* TrackViewController.swift in Sources */ = {isa = PBXBuildFile; fileRef = 04E4F26C29CE724D00F3452D /* TrackViewController.swift */; };
/* End PBXBuildFile section */

/* Begin PBXFileReference section */
		0413A2B929C249F200034E44 /* LoginViewBrain.swift */ = {isa = PBXFileReference; lastKnownFileType = sourcecode.swift; path = LoginViewBrain.swift; sourceTree = "<group>"; };
		0413A2BB29C24AD600034E44 /* HomeViewBrain.swift */ = {isa = PBXFileReference; lastKnownFileType = sourcecode.swift; path = HomeViewBrain.swift; sourceTree = "<group>"; };
		0413A2BD29C24B9C00034E44 /* ForgotPassViewBrain.swift */ = {isa = PBXFileReference; lastKnownFileType = sourcecode.swift; path = ForgotPassViewBrain.swift; sourceTree = "<group>"; };
		0413A2BF29C24C7500034E44 /* SignUpViewBrain.swift */ = {isa = PBXFileReference; lastKnownFileType = sourcecode.swift; path = SignUpViewBrain.swift; sourceTree = "<group>"; };
		0413A2C129C24D6700034E44 /* ProfileViewBrian.swift */ = {isa = PBXFileReference; lastKnownFileType = sourcecode.swift; path = ProfileViewBrian.swift; sourceTree = "<group>"; };
		0424737629BA7E6D00B3FD13 /* Faza1EProjektit.app */ = {isa = PBXFileReference; explicitFileType = wrapper.application; includeInIndex = 0; path = Faza1EProjektit.app; sourceTree = BUILT_PRODUCTS_DIR; };
		0424737929BA7E6D00B3FD13 /* AppDelegate.swift */ = {isa = PBXFileReference; lastKnownFileType = sourcecode.swift; path = AppDelegate.swift; sourceTree = "<group>"; };
		0424737B29BA7E6D00B3FD13 /* SceneDelegate.swift */ = {isa = PBXFileReference; lastKnownFileType = sourcecode.swift; path = SceneDelegate.swift; sourceTree = "<group>"; };
		0424737D29BA7E6D00B3FD13 /* LoginViewController.swift */ = {isa = PBXFileReference; lastKnownFileType = sourcecode.swift; path = LoginViewController.swift; sourceTree = "<group>"; };
		0424738029BA7E6D00B3FD13 /* Base */ = {isa = PBXFileReference; lastKnownFileType = file.storyboard; name = Base; path = Base.lproj/Main.storyboard; sourceTree = "<group>"; };
		0424738229BA7E6E00B3FD13 /* Assets.xcassets */ = {isa = PBXFileReference; lastKnownFileType = folder.assetcatalog; path = Assets.xcassets; sourceTree = "<group>"; };
		0424738529BA7E6E00B3FD13 /* Base */ = {isa = PBXFileReference; lastKnownFileType = file.storyboard; name = Base; path = Base.lproj/LaunchScreen.storyboard; sourceTree = "<group>"; };
		0424738729BA7E6E00B3FD13 /* Info.plist */ = {isa = PBXFileReference; lastKnownFileType = text.plist.xml; path = Info.plist; sourceTree = "<group>"; };
		0424739029BA927A00B3FD13 /* User.swift */ = {isa = PBXFileReference; lastKnownFileType = sourcecode.swift; path = User.swift; sourceTree = "<group>"; };
		0424739229BA96BF00B3FD13 /* HomeViewController.swift */ = {isa = PBXFileReference; lastKnownFileType = sourcecode.swift; path = HomeViewController.swift; sourceTree = "<group>"; };
		0424739429BA999200B3FD13 /* ForgotPasswordViewController.swift */ = {isa = PBXFileReference; lastKnownFileType = sourcecode.swift; path = ForgotPasswordViewController.swift; sourceTree = "<group>"; };
		0424739629BA99A600B3FD13 /* SignUpViewController.swift */ = {isa = PBXFileReference; lastKnownFileType = sourcecode.swift; path = SignUpViewController.swift; sourceTree = "<group>"; };
		042D439529CBA7EF000C3024 /* UserCell.swift */ = {isa = PBXFileReference; lastKnownFileType = sourcecode.swift; path = UserCell.swift; sourceTree = "<group>"; };
		042D439629CBA7EF000C3024 /* UserCell.xib */ = {isa = PBXFileReference; lastKnownFileType = file.xib; path = UserCell.xib; sourceTree = "<group>"; };
		042D439929CBBAA9000C3024 /* NewProfileViewController.swift */ = {isa = PBXFileReference; lastKnownFileType = sourcecode.swift; path = NewProfileViewController.swift; sourceTree = "<group>"; };
		04DCC82529BE18BB00DCD669 /* ProfileViewController.swift */ = {isa = PBXFileReference; lastKnownFileType = sourcecode.swift; path = ProfileViewController.swift; sourceTree = "<group>"; };
		04E4F26429CE68FF00F3452D /* TrackCell.swift */ = {isa = PBXFileReference; lastKnownFileType = sourcecode.swift; path = TrackCell.swift; sourceTree = "<group>"; };
		04E4F26529CE68FF00F3452D /* TrackCell.xib */ = {isa = PBXFileReference; lastKnownFileType = file.xib; path = TrackCell.xib; sourceTree = "<group>"; };
		04E4F26829CE710900F3452D /* Track.swift */ = {isa = PBXFileReference; lastKnownFileType = sourcecode.swift; path = Track.swift; sourceTree = "<group>"; };
		04E4F26C29CE724D00F3452D /* TrackViewController.swift */ = {isa = PBXFileReference; lastKnownFileType = sourcecode.swift; path = TrackViewController.swift; sourceTree = "<group>"; };
/* End PBXFileReference section */

/* Begin PBXFrameworksBuildPhase section */
		0424737329BA7E6D00B3FD13 /* Frameworks */ = {
			isa = PBXFrameworksBuildPhase;
			buildActionMask = 2147483647;
			files = (
			);
			runOnlyForDeploymentPostprocessing = 0;
		};
/* End PBXFrameworksBuildPhase section */

/* Begin PBXGroup section */
		0424736D29BA7E6D00B3FD13 = {
			isa = PBXGroup;
			children = (
				0424737829BA7E6D00B3FD13 /* Faza1EProjektit */,
				0424737729BA7E6D00B3FD13 /* Products */,
			);
			sourceTree = "<group>";
		};
		0424737729BA7E6D00B3FD13 /* Products */ = {
			isa = PBXGroup;
			children = (
				0424737629BA7E6D00B3FD13 /* Faza1EProjektit.app */,
			);
			name = Products;
			sourceTree = "<group>";
		};
		0424737829BA7E6D00B3FD13 /* Faza1EProjektit */ = {
			isa = PBXGroup;
			children = (
				0424737929BA7E6D00B3FD13 /* AppDelegate.swift */,
				0424737B29BA7E6D00B3FD13 /* SceneDelegate.swift */,
				0424738F29BA925000B3FD13 /* Model */,
				0424738D29BA922E00B3FD13 /* View */,
				0424738E29BA923F00B3FD13 /* Controller */,
				0424738229BA7E6E00B3FD13 /* Assets.xcassets */,
				0424738729BA7E6E00B3FD13 /* Info.plist */,
			);
			path = Faza1EProjektit;
			sourceTree = "<group>";
		};
		0424738D29BA922E00B3FD13 /* View */ = {
			isa = PBXGroup;
			children = (
				042D439429CBA7A9000C3024 /* Cell */,
				0424737F29BA7E6D00B3FD13 /* Main.storyboard */,
				0424738429BA7E6E00B3FD13 /* LaunchScreen.storyboard */,
			);
			path = View;
			sourceTree = "<group>";
		};
		0424738E29BA923F00B3FD13 /* Controller */ = {
			isa = PBXGroup;
			children = (
				042D439929CBBAA9000C3024 /* NewProfileViewController.swift */,
				0424737D29BA7E6D00B3FD13 /* LoginViewController.swift */,
				0424739229BA96BF00B3FD13 /* HomeViewController.swift */,
				0424739429BA999200B3FD13 /* ForgotPasswordViewController.swift */,
				0424739629BA99A600B3FD13 /* SignUpViewController.swift */,
				04DCC82529BE18BB00DCD669 /* ProfileViewController.swift */,
				04E4F26C29CE724D00F3452D /* TrackViewController.swift */,
			);
			path = Controller;
			sourceTree = "<group>";
		};
		0424738F29BA925000B3FD13 /* Model */ = {
			isa = PBXGroup;
			children = (
				04E4F26A29CE710E00F3452D /* Structures */,
				04E4F26B29CE711C00F3452D /* ControllFiles */,
			);
			path = Model;
			sourceTree = "<group>";
		};
		042D439429CBA7A9000C3024 /* Cell */ = {
			isa = PBXGroup;
			children = (
				04E4F26329CE68E100F3452D /* Track */,
				04E4F26229CE68D800F3452D /* User */,
			);
			path = Cell;
			sourceTree = "<group>";
		};
		04E4F26229CE68D800F3452D /* User */ = {
			isa = PBXGroup;
			children = (
				042D439529CBA7EF000C3024 /* UserCell.swift */,
				042D439629CBA7EF000C3024 /* UserCell.xib */,
			);
			path = User;
			sourceTree = "<group>";
		};
		04E4F26329CE68E100F3452D /* Track */ = {
			isa = PBXGroup;
			children = (
				04E4F26429CE68FF00F3452D /* TrackCell.swift */,
				04E4F26529CE68FF00F3452D /* TrackCell.xib */,
			);
			path = Track;
			sourceTree = "<group>";
		};
		04E4F26A29CE710E00F3452D /* Structures */ = {
			isa = PBXGroup;
			children = (
				0424739029BA927A00B3FD13 /* User.swift */,
				04E4F26829CE710900F3452D /* Track.swift */,
			);
			path = Structures;
			sourceTree = "<group>";
		};
		04E4F26B29CE711C00F3452D /* ControllFiles */ = {
			isa = PBXGroup;
			children = (
				0413A2B929C249F200034E44 /* LoginViewBrain.swift */,
				0413A2BB29C24AD600034E44 /* HomeViewBrain.swift */,
				0413A2BD29C24B9C00034E44 /* ForgotPassViewBrain.swift */,
				0413A2BF29C24C7500034E44 /* SignUpViewBrain.swift */,
				0413A2C129C24D6700034E44 /* ProfileViewBrian.swift */,
			);
			path = ControllFiles;
			sourceTree = "<group>";
		};
/* End PBXGroup section */

/* Begin PBXNativeTarget section */
		0424737529BA7E6D00B3FD13 /* Faza1EProjektit */ = {
			isa = PBXNativeTarget;
			buildConfigurationList = 0424738A29BA7E6E00B3FD13 /* Build configuration list for PBXNativeTarget "Faza1EProjektit" */;
			buildPhases = (
				0424737229BA7E6D00B3FD13 /* Sources */,
				0424737329BA7E6D00B3FD13 /* Frameworks */,
				0424737429BA7E6D00B3FD13 /* Resources */,
			);
			buildRules = (
			);
			dependencies = (
			);
			name = Faza1EProjektit;
			productName = Faza1EProjektit;
			productReference = 0424737629BA7E6D00B3FD13 /* Faza1EProjektit.app */;
			productType = "com.apple.product-type.application";
		};
/* End PBXNativeTarget section */

/* Begin PBXProject section */
		0424736E29BA7E6D00B3FD13 /* Project object */ = {
			isa = PBXProject;
			attributes = {
				BuildIndependentTargetsInParallel = 1;
				LastSwiftUpdateCheck = 1420;
				LastUpgradeCheck = 1420;
				TargetAttributes = {
					0424737529BA7E6D00B3FD13 = {
						CreatedOnToolsVersion = 14.2;
					};
				};
			};
			buildConfigurationList = 0424737129BA7E6D00B3FD13 /* Build configuration list for PBXProject "Faza1EProjektit" */;
			compatibilityVersion = "Xcode 14.0";
			developmentRegion = en;
			hasScannedForEncodings = 0;
			knownRegions = (
				en,
				Base,
			);
			mainGroup = 0424736D29BA7E6D00B3FD13;
			productRefGroup = 0424737729BA7E6D00B3FD13 /* Products */;
			projectDirPath = "";
			projectRoot = "";
			targets = (
				0424737529BA7E6D00B3FD13 /* Faza1EProjektit */,
			);
		};
/* End PBXProject section */

/* Begin PBXResourcesBuildPhase section */
		0424737429BA7E6D00B3FD13 /* Resources */ = {
			isa = PBXResourcesBuildPhase;
			buildActionMask = 2147483647;
			files = (
				042D439829CBA7EF000C3024 /* UserCell.xib in Resources */,
				0424738629BA7E6E00B3FD13 /* LaunchScreen.storyboard in Resources */,
				0424738329BA7E6E00B3FD13 /* Assets.xcassets in Resources */,
				04E4F26729CE68FF00F3452D /* TrackCell.xib in Resources */,
				0424738129BA7E6D00B3FD13 /* Main.storyboard in Resources */,
			);
			runOnlyForDeploymentPostprocessing = 0;
		};
/* End PBXResourcesBuildPhase section */

/* Begin PBXSourcesBuildPhase section */
		0424737229BA7E6D00B3FD13 /* Sources */ = {
			isa = PBXSourcesBuildPhase;
			buildActionMask = 2147483647;
			files = (
				0413A2BE29C24B9C00034E44 /* ForgotPassViewBrain.swift in Sources */,
				0424739329BA96BF00B3FD13 /* HomeViewController.swift in Sources */,
				0424739729BA99A600B3FD13 /* SignUpViewController.swift in Sources */,
				0413A2BC29C24AD600034E44 /* HomeViewBrain.swift in Sources */,
				0424739129BA927A00B3FD13 /* User.swift in Sources */,
				0413A2C029C24C7500034E44 /* SignUpViewBrain.swift in Sources */,
				042D439729CBA7EF000C3024 /* UserCell.swift in Sources */,
				0424739529BA999200B3FD13 /* ForgotPasswordViewController.swift in Sources */,
				042D439A29CBBAA9000C3024 /* NewProfileViewController.swift in Sources */,
				0424737E29BA7E6D00B3FD13 /* LoginViewController.swift in Sources */,
				04E4F26D29CE724D00F3452D /* TrackViewController.swift in Sources */,
				0413A2C229C24D6700034E44 /* ProfileViewBrian.swift in Sources */,
				0424737A29BA7E6D00B3FD13 /* AppDelegate.swift in Sources */,
				04E4F26929CE710900F3452D /* Track.swift in Sources */,
				0413A2BA29C249F200034E44 /* LoginViewBrain.swift in Sources */,
				04DCC82629BE18BB00DCD669 /* ProfileViewController.swift in Sources */,
				04E4F26629CE68FF00F3452D /* TrackCell.swift in Sources */,
				0424737C29BA7E6D00B3FD13 /* SceneDelegate.swift in Sources */,
			);
			runOnlyForDeploymentPostprocessing = 0;
		};
/* End PBXSourcesBuildPhase section */

/* Begin PBXVariantGroup section */
		0424737F29BA7E6D00B3FD13 /* Main.storyboard */ = {
			isa = PBXVariantGroup;
			children = (
				0424738029BA7E6D00B3FD13 /* Base */,
			);
			name = Main.storyboard;
			sourceTree = "<group>";
		};
		0424738429BA7E6E00B3FD13 /* LaunchScreen.storyboard */ = {
			isa = PBXVariantGroup;
			children = (
				0424738529BA7E6E00B3FD13 /* Base */,
			);
			name = LaunchScreen.storyboard;
			sourceTree = "<group>";
		};
/* End PBXVariantGroup section */

/* Begin XCBuildConfiguration section */
		0424738829BA7E6E00B3FD13 /* Debug */ = {
			isa = XCBuildConfiguration;
			buildSettings = {
				ALWAYS_SEARCH_USER_PATHS = NO;
				CLANG_ANALYZER_NONNULL = YES;
				CLANG_ANALYZER_NUMBER_OBJECT_CONVERSION = YES_AGGRESSIVE;
				CLANG_CXX_LANGUAGE_STANDARD = "gnu++20";
				CLANG_ENABLE_MODULES = YES;
				CLANG_ENABLE_OBJC_ARC = YES;
				CLANG_ENABLE_OBJC_WEAK = YES;
				CLANG_WARN_BLOCK_CAPTURE_AUTORELEASING = YES;
				CLANG_WARN_BOOL_CONVERSION = YES;
				CLANG_WARN_COMMA = YES;
				CLANG_WARN_CONSTANT_CONVERSION = YES;
				CLANG_WARN_DEPRECATED_OBJC_IMPLEMENTATIONS = YES;
				CLANG_WARN_DIRECT_OBJC_ISA_USAGE = YES_ERROR;
				CLANG_WARN_DOCUMENTATION_COMMENTS = YES;
				CLANG_WARN_EMPTY_BODY = YES;
				CLANG_WARN_ENUM_CONVERSION = YES;
				CLANG_WARN_INFINITE_RECURSION = YES;
				CLANG_WARN_INT_CONVERSION = YES;
				CLANG_WARN_NON_LITERAL_NULL_CONVERSION = YES;
				CLANG_WARN_OBJC_IMPLICIT_RETAIN_SELF = YES;
				CLANG_WARN_OBJC_LITERAL_CONVERSION = YES;
				CLANG_WARN_OBJC_ROOT_CLASS = YES_ERROR;
				CLANG_WARN_QUOTED_INCLUDE_IN_FRAMEWORK_HEADER = YES;
				CLANG_WARN_RANGE_LOOP_ANALYSIS = YES;
				CLANG_WARN_STRICT_PROTOTYPES = YES;
				CLANG_WARN_SUSPICIOUS_MOVE = YES;
				CLANG_WARN_UNGUARDED_AVAILABILITY = YES_AGGRESSIVE;
				CLANG_WARN_UNREACHABLE_CODE = YES;
				CLANG_WARN__DUPLICATE_METHOD_MATCH = YES;
				COPY_PHASE_STRIP = NO;
				DEBUG_INFORMATION_FORMAT = dwarf;
				ENABLE_STRICT_OBJC_MSGSEND = YES;
				ENABLE_TESTABILITY = YES;
				GCC_C_LANGUAGE_STANDARD = gnu11;
				GCC_DYNAMIC_NO_PIC = NO;
				GCC_NO_COMMON_BLOCKS = YES;
				GCC_OPTIMIZATION_LEVEL = 0;
				GCC_PREPROCESSOR_DEFINITIONS = (
					"DEBUG=1",
					"$(inherited)",
				);
				GCC_WARN_64_TO_32_BIT_CONVERSION = YES;
				GCC_WARN_ABOUT_RETURN_TYPE = YES_ERROR;
				GCC_WARN_UNDECLARED_SELECTOR = YES;
				GCC_WARN_UNINITIALIZED_AUTOS = YES_AGGRESSIVE;
				GCC_WARN_UNUSED_FUNCTION = YES;
				GCC_WARN_UNUSED_VARIABLE = YES;
				IPHONEOS_DEPLOYMENT_TARGET = 16.2;
				MTL_ENABLE_DEBUG_INFO = INCLUDE_SOURCE;
				MTL_FAST_MATH = YES;
				ONLY_ACTIVE_ARCH = YES;
				SDKROOT = iphoneos;
				SWIFT_ACTIVE_COMPILATION_CONDITIONS = DEBUG;
				SWIFT_OPTIMIZATION_LEVEL = "-Onone";
			};
			name = Debug;
		};
		0424738929BA7E6E00B3FD13 /* Release */ = {
			isa = XCBuildConfiguration;
			buildSettings = {
				ALWAYS_SEARCH_USER_PATHS = NO;
				CLANG_ANALYZER_NONNULL = YES;
				CLANG_ANALYZER_NUMBER_OBJECT_CONVERSION = YES_AGGRESSIVE;
				CLANG_CXX_LANGUAGE_STANDARD = "gnu++20";
				CLANG_ENABLE_MODULES = YES;
				CLANG_ENABLE_OBJC_ARC = YES;
				CLANG_ENABLE_OBJC_WEAK = YES;
				CLANG_WARN_BLOCK_CAPTURE_AUTORELEASING = YES;
				CLANG_WARN_BOOL_CONVERSION = YES;
				CLANG_WARN_COMMA = YES;
				CLANG_WARN_CONSTANT_CONVERSION = YES;
				CLANG_WARN_DEPRECATED_OBJC_IMPLEMENTATIONS = YES;
				CLANG_WARN_DIRECT_OBJC_ISA_USAGE = YES_ERROR;
				CLANG_WARN_DOCUMENTATION_COMMENTS = YES;
				CLANG_WARN_EMPTY_BODY = YES;
				CLANG_WARN_ENUM_CONVERSION = YES;
				CLANG_WARN_INFINITE_RECURSION = YES;
				CLANG_WARN_INT_CONVERSION = YES;
				CLANG_WARN_NON_LITERAL_NULL_CONVERSION = YES;
				CLANG_WARN_OBJC_IMPLICIT_RETAIN_SELF = YES;
				CLANG_WARN_OBJC_LITERAL_CONVERSION = YES;
				CLANG_WARN_OBJC_ROOT_CLASS = YES_ERROR;
				CLANG_WARN_QUOTED_INCLUDE_IN_FRAMEWORK_HEADER = YES;
				CLANG_WARN_RANGE_LOOP_ANALYSIS = YES;
				CLANG_WARN_STRICT_PROTOTYPES = YES;
				CLANG_WARN_SUSPICIOUS_MOVE = YES;
				CLANG_WARN_UNGUARDED_AVAILABILITY = YES_AGGRESSIVE;
				CLANG_WARN_UNREACHABLE_CODE = YES;
				CLANG_WARN__DUPLICATE_METHOD_MATCH = YES;
				COPY_PHASE_STRIP = NO;
				DEBUG_INFORMATION_FORMAT = "dwarf-with-dsym";
				ENABLE_NS_ASSERTIONS = NO;
				ENABLE_STRICT_OBJC_MSGSEND = YES;
				GCC_C_LANGUAGE_STANDARD = gnu11;
				GCC_NO_COMMON_BLOCKS = YES;
				GCC_WARN_64_TO_32_BIT_CONVERSION = YES;
				GCC_WARN_ABOUT_RETURN_TYPE = YES_ERROR;
				GCC_WARN_UNDECLARED_SELECTOR = YES;
				GCC_WARN_UNINITIALIZED_AUTOS = YES_AGGRESSIVE;
				GCC_WARN_UNUSED_FUNCTION = YES;
				GCC_WARN_UNUSED_VARIABLE = YES;
				IPHONEOS_DEPLOYMENT_TARGET = 16.2;
				MTL_ENABLE_DEBUG_INFO = NO;
				MTL_FAST_MATH = YES;
				SDKROOT = iphoneos;
				SWIFT_COMPILATION_MODE = wholemodule;
				SWIFT_OPTIMIZATION_LEVEL = "-O";
				VALIDATE_PRODUCT = YES;
			};
			name = Release;
		};
		0424738B29BA7E6E00B3FD13 /* Debug */ = {
			isa = XCBuildConfiguration;
			buildSettings = {
				ASSETCATALOG_COMPILER_APPICON_NAME = AppIcon;
				ASSETCATALOG_COMPILER_GLOBAL_ACCENT_COLOR_NAME = AccentColor;
				CODE_SIGN_STYLE = Automatic;
				CURRENT_PROJECT_VERSION = 1;
				DEVELOPMENT_TEAM = AP2NTX5T4R;
				GENERATE_INFOPLIST_FILE = YES;
				INFOPLIST_FILE = Faza1EProjektit/Info.plist;
				INFOPLIST_KEY_UIApplicationSupportsIndirectInputEvents = YES;
				INFOPLIST_KEY_UILaunchStoryboardName = LaunchScreen;
				INFOPLIST_KEY_UIMainStoryboardFile = Main;
				INFOPLIST_KEY_UISupportedInterfaceOrientations_iPad = "UIInterfaceOrientationPortrait UIInterfaceOrientationPortraitUpsideDown UIInterfaceOrientationLandscapeLeft UIInterfaceOrientationLandscapeRight";
				INFOPLIST_KEY_UISupportedInterfaceOrientations_iPhone = "UIInterfaceOrientationPortrait UIInterfaceOrientationLandscapeLeft UIInterfaceOrientationLandscapeRight";
				IPHONEOS_DEPLOYMENT_TARGET = 16.0;
				LD_RUNPATH_SEARCH_PATHS = (
					"$(inherited)",
					"@executable_path/Frameworks",
				);
				MARKETING_VERSION = 1.0;
				PRODUCT_BUNDLE_IDENTIFIER = com.shqipi.Faza1EProjektit;
				PRODUCT_NAME = "$(TARGET_NAME)";
				SWIFT_EMIT_LOC_STRINGS = YES;
				SWIFT_VERSION = 5.0;
				TARGETED_DEVICE_FAMILY = "1,2";
			};
			name = Debug;
		};
		0424738C29BA7E6E00B3FD13 /* Release */ = {
			isa = XCBuildConfiguration;
			buildSettings = {
				ASSETCATALOG_COMPILER_APPICON_NAME = AppIcon;
				ASSETCATALOG_COMPILER_GLOBAL_ACCENT_COLOR_NAME = AccentColor;
				CODE_SIGN_STYLE = Automatic;
				CURRENT_PROJECT_VERSION = 1;
				DEVELOPMENT_TEAM = AP2NTX5T4R;
				GENERATE_INFOPLIST_FILE = YES;
				INFOPLIST_FILE = Faza1EProjektit/Info.plist;
				INFOPLIST_KEY_UIApplicationSupportsIndirectInputEvents = YES;
				INFOPLIST_KEY_UILaunchStoryboardName = LaunchScreen;
				INFOPLIST_KEY_UIMainStoryboardFile = Main;
				INFOPLIST_KEY_UISupportedInterfaceOrientations_iPad = "UIInterfaceOrientationPortrait UIInterfaceOrientationPortraitUpsideDown UIInterfaceOrientationLandscapeLeft UIInterfaceOrientationLandscapeRight";
				INFOPLIST_KEY_UISupportedInterfaceOrientations_iPhone = "UIInterfaceOrientationPortrait UIInterfaceOrientationLandscapeLeft UIInterfaceOrientationLandscapeRight";
				IPHONEOS_DEPLOYMENT_TARGET = 16.0;
				LD_RUNPATH_SEARCH_PATHS = (
					"$(inherited)",
					"@executable_path/Frameworks",
				);
				MARKETING_VERSION = 1.0;
				PRODUCT_BUNDLE_IDENTIFIER = com.shqipi.Faza1EProjektit;
				PRODUCT_NAME = "$(TARGET_NAME)";
				SWIFT_EMIT_LOC_STRINGS = YES;
				SWIFT_VERSION = 5.0;
				TARGETED_DEVICE_FAMILY = "1,2";
			};
			name = Release;
		};
/* End XCBuildConfiguration section */

/* Begin XCConfigurationList section */
		0424737129BA7E6D00B3FD13 /* Build configuration list for PBXProject "Faza1EProjektit" */ = {
			isa = XCConfigurationList;
			buildConfigurations = (
				0424738829BA7E6E00B3FD13 /* Debug */,
				0424738929BA7E6E00B3FD13 /* Release */,
			);
			defaultConfigurationIsVisible = 0;
			defaultConfigurationName = Release;
		};
		0424738A29BA7E6E00B3FD13 /* Build configuration list for PBXNativeTarget "Faza1EProjektit" */ = {
			isa = XCConfigurationList;
			buildConfigurations = (
				0424738B29BA7E6E00B3FD13 /* Debug */,
				0424738C29BA7E6E00B3FD13 /* Release */,
			);
			defaultConfigurationIsVisible = 0;
			defaultConfigurationName = Release;
		};
/* End XCConfigurationList section */
	};
	rootObject = 0424736E29BA7E6D00B3FD13 /* Project object */;
}
